{
  "version": 4,
  "terraform_version": "0.13.3",
  "serial": 985,
  "lineage": "9e13de2c-5934-acb7-2a44-368b67e88c46",
  "outputs": {},
  "resources": [
    {
      "mode": "data",
      "type": "exoscale_compute_template",
      "name": "ubuntu",
      "provider": "provider[\"registry.terraform.io/terraform-providers/exoscale\"]",
      "instances": [
        {
          "schema_version": 0,
          "attributes": {
            "filter": "featured",
            "id": "c19542b7-d269-4bd4-bf7c-2cae36d066d3",
            "name": "Linux Ubuntu 20.04 LTS 64-bit",
            "username": "ubuntu",
            "zone": "at-vie-1"
          }
        }
      ]
    },
    {
      "mode": "managed",
      "type": "exoscale_compute",
      "name": "MonitoringInstancePrometheus",
      "provider": "provider[\"registry.terraform.io/terraform-providers/exoscale\"]",
      "instances": [
        {
          "schema_version": 0,
          "attributes": {
            "affinity_group_ids": [],
            "affinity_groups": [],
            "disk_size": 10,
            "display_name": "MonitoringInstancePrometheus",
            "gateway": "194.182.184.1",
            "hostname": "MonitoringInstancePrometheus",
            "id": "0a9f408a-b779-43ad-8c3a-4d0fea13e59c",
            "ip4": true,
            "ip6": false,
            "ip6_address": "",
            "ip6_cidr": "",
            "ip_address": "194.182.186.120",
            "key_pair": "",
            "keyboard": null,
            "name": "MonitoringInstancePrometheus",
            "password": "xR5qvaqiqfiebui",
            "reverse_dns": null,
            "security_group_ids": [
              "b8e4e171-5436-4018-b5ed-2b9c00640254"
            ],
            "security_groups": [
              "mainRuleSet"
            ],
            "size": "Micro",
            "state": "Running",
            "tags": {},
            "template": "Linux Ubuntu 20.04 LTS 64-bit",
            "template_id": "c19542b7-d269-4bd4-bf7c-2cae36d066d3",
            "timeouts": null,
            "user_data": "#!/bin/bash\r\n\r\nset -e\r\nsudo apt update\r\n\r\n#install prometheus and setup files\r\nsudo apt-get -y install prometheus\r\n\r\nsudo echo \"global:\r\n  scrape_interval: 15s\r\nscrape_configs:\r\n  - job_name: 'prometheus'\r\n    scrape_interval: 5s\r\n    static_configs:\r\n      - targets: ['localhost:9090']\r\n  - job_name: Monitoring Server Node Exporter\r\n    static_configs:\r\n      - targets:\r\n          - 'localhost:9100'\r\n  - job_name: Service Discovery\r\n    file_sd_configs:\r\n      - files:\r\n          - /etc/prometheus/targets.json\r\n        refresh_interval: 10s\" \u003e /etc/prometheus/prometheus.yml;\r\nsudo systemctl restart prometheus\r\n#END install prometheus and setup files\r\n\r\ncurl -fsSL https://get.docker.com -o get-docker.sh\r\nsudo sh get-docker.sh\r\n\r\ngit clone https://github.com/SirRacuga/CCP.git\r\ncd CCP/servicediscovery\r\ndocker build --tag servicediscovery:1.0 .\r\n\r\nsudo docker run \\\r\n    -d \\\r\n    -e EXOSCALE_KEY=EXO58ddfe98552a6059aaaad98c \\\r\n    -e EXOSCALE_SECRET=knAP0mmFsKKedu4PmU4yg5mcQ0OxsUfgwOlCuJkJk5Y \\\r\n    -e EXOSCALE_ZONE=at-vie-1 \\\r\n    -e EXOSCALE_INSTANCEPOOL_ID=e1ae75cb-44c4-8ba1-7ec8-e0f8a974f88c \\\r\n    -e TARGET_PORT=9100 \\\r\n    -v /etc/prometheus:/prometheus \\\r\n    servicediscovery:1.0\r\n",
            "user_data_base64": false,
            "username": "root",
            "zone": "at-vie-1"
          },
          "private": "eyJlMmJmYjczMC1lY2FhLTExZTYtOGY4OC0zNDM2M2JjN2M0YzAiOnsiY3JlYXRlIjozMDAwMDAwMDAwMDAsImRlbGV0ZSI6MzAwMDAwMDAwMDAwLCJyZWFkIjozMDAwMDAwMDAwMDAsInVwZGF0ZSI6MzAwMDAwMDAwMDAwfX0=",
          "dependencies": [
            "data.exoscale_compute_template.ubuntu",
            "exoscale_instance_pool.ccpInstancePool",
            "exoscale_security_group.sg"
          ]
        }
      ]
    },
    {
      "mode": "managed",
      "type": "exoscale_instance_pool",
      "name": "ccpInstancePool",
      "provider": "provider[\"registry.terraform.io/terraform-providers/exoscale\"]",
      "instances": [
        {
          "schema_version": 0,
          "attributes": {
            "description": "",
            "disk_size": 10,
            "id": "e1ae75cb-44c4-8ba1-7ec8-e0f8a974f88c",
            "ipv6": false,
            "key_pair": "",
            "name": "ccpInstancePool",
            "network_ids": null,
            "security_group_ids": [
              "b8e4e171-5436-4018-b5ed-2b9c00640254"
            ],
            "service_offering": "micro",
            "size": 3,
            "state": "scaling-up",
            "template_id": "c19542b7-d269-4bd4-bf7c-2cae36d066d3",
            "timeouts": {
              "create": null,
              "delete": "10m",
              "read": null,
              "update": null
            },
            "user_data": "#!/bin/bash\r\n\r\nset -e\r\napt update\r\n\r\n#install docker //exercise way - not recommended\r\ncurl -fsSL https://get.docker.com -o get-docker.sh\r\nsudo sh get-docker.sh\r\n\r\n#pulls the image and runs it\r\nsudo docker pull janoszen/http-load-generator:latest\r\nsudo docker run -d --rm -p 80:8080 janoszen/http-load-generator\r\n\r\n#exuting the node exporter as suggested in the exercise\r\nsudo docker run -d -p 9100:9100 \\\r\n  --net=\"host\" \\\r\n  --pid=\"host\" \\\r\n  -v \"/:/host:ro,rslave\" \\\r\n  quay.io/prometheus/node-exporter \\\r\n  --path.rootfs=/host\r\n",
            "virtual_machines": [
              "pool-e1ae7-dlqzd",
              "pool-e1ae7-msidz",
              "pool-e1ae7-ssqoo"
            ],
            "zone": "at-vie-1"
          },
          "private": "eyJlMmJmYjczMC1lY2FhLTExZTYtOGY4OC0zNDM2M2JjN2M0YzAiOnsiY3JlYXRlIjozMDAwMDAwMDAwMDAsImRlbGV0ZSI6NjAwMDAwMDAwMDAwLCJyZWFkIjozMDAwMDAwMDAwMDAsInVwZGF0ZSI6MzAwMDAwMDAwMDAwfX0=",
          "dependencies": [
            "data.exoscale_compute_template.ubuntu",
            "exoscale_security_group.sg"
          ]
        }
      ]
    },
    {
      "mode": "managed",
      "type": "exoscale_nlb",
      "name": "ccpNLB",
      "provider": "provider[\"registry.terraform.io/terraform-providers/exoscale\"]",
      "instances": [
        {
          "schema_version": 0,
          "attributes": {
            "created_at": "2020-11-11 18:28:34 +0000 UTC",
            "description": "This is the Network Load Balancer",
            "id": "a8a271e5-7f1c-4f20-b438-31a5394f06e9",
            "ip_address": "194.182.185.238",
            "name": "ccpNLB",
            "services": [],
            "state": "running",
            "timeouts": null,
            "zone": "at-vie-1"
          },
          "private": "eyJlMmJmYjczMC1lY2FhLTExZTYtOGY4OC0zNDM2M2JjN2M0YzAiOnsiY3JlYXRlIjozMDAwMDAwMDAwMDAsImRlbGV0ZSI6MzAwMDAwMDAwMDAwLCJyZWFkIjozMDAwMDAwMDAwMDAsInVwZGF0ZSI6MzAwMDAwMDAwMDAwfX0="
        }
      ]
    },
    {
      "mode": "managed",
      "type": "exoscale_nlb_service",
      "name": "ccpNLBService",
      "provider": "provider[\"registry.terraform.io/terraform-providers/exoscale\"]",
      "instances": [
        {
          "schema_version": 0,
          "attributes": {
            "description": "ccpNLBService",
            "healthcheck": [
              {
                "interval": 5,
                "mode": "http",
                "port": 80,
                "retries": 1,
                "timeout": 3,
                "tls_sni": "",
                "uri": "/health"
              }
            ],
            "id": "078fa64b-f236-43dd-bd21-8eb4245bdb92",
            "instance_pool_id": "e1ae75cb-44c4-8ba1-7ec8-e0f8a974f88c",
            "name": "ccpNLBService",
            "nlb_id": "a8a271e5-7f1c-4f20-b438-31a5394f06e9",
            "port": 80,
            "protocol": "tcp",
            "strategy": "round-robin",
            "target_port": 80,
            "timeouts": null,
            "zone": "at-vie-1"
          },
          "private": "eyJlMmJmYjczMC1lY2FhLTExZTYtOGY4OC0zNDM2M2JjN2M0YzAiOnsiY3JlYXRlIjozMDAwMDAwMDAwMDAsImRlbGV0ZSI6MzAwMDAwMDAwMDAwLCJyZWFkIjozMDAwMDAwMDAwMDAsInVwZGF0ZSI6MzAwMDAwMDAwMDAwfX0=",
          "dependencies": [
            "data.exoscale_compute_template.ubuntu",
            "exoscale_instance_pool.ccpInstancePool",
            "exoscale_nlb.ccpNLB",
            "exoscale_security_group.sg"
          ]
        }
      ]
    },
    {
      "mode": "managed",
      "type": "exoscale_security_group",
      "name": "sg",
      "provider": "provider[\"registry.terraform.io/terraform-providers/exoscale\"]",
      "instances": [
        {
          "schema_version": 0,
          "attributes": {
            "description": "",
            "id": "b8e4e171-5436-4018-b5ed-2b9c00640254",
            "name": "mainRuleSet",
            "tags": null,
            "timeouts": null
          },
          "private": "eyJlMmJmYjczMC1lY2FhLTExZTYtOGY4OC0zNDM2M2JjN2M0YzAiOnsiY3JlYXRlIjozMDAwMDAwMDAwMDAsImRlbGV0ZSI6MzAwMDAwMDAwMDAwLCJyZWFkIjozMDAwMDAwMDAwMDB9fQ=="
        }
      ]
    },
    {
      "mode": "managed",
      "type": "exoscale_security_group_rule",
      "name": "http",
      "provider": "provider[\"registry.terraform.io/terraform-providers/exoscale\"]",
      "instances": [
        {
          "schema_version": 0,
          "attributes": {
            "cidr": "0.0.0.0/0",
            "description": null,
            "end_port": 80,
            "icmp_code": 0,
            "icmp_type": 0,
            "id": "8708fc2e-6d11-45d3-80c5-7546d9437118",
            "protocol": "TCP",
            "security_group": "mainRuleSet",
            "security_group_id": "b8e4e171-5436-4018-b5ed-2b9c00640254",
            "start_port": 80,
            "timeouts": null,
            "type": "INGRESS",
            "user_security_group": "",
            "user_security_group_id": null
          },
          "private": "eyJlMmJmYjczMC1lY2FhLTExZTYtOGY4OC0zNDM2M2JjN2M0YzAiOnsiY3JlYXRlIjozMDAwMDAwMDAwMDAsImRlbGV0ZSI6MzAwMDAwMDAwMDAwLCJyZWFkIjozMDAwMDAwMDAwMDB9fQ==",
          "dependencies": [
            "exoscale_security_group.sg"
          ]
        }
      ]
    },
    {
      "mode": "managed",
      "type": "exoscale_security_group_rule",
      "name": "metrics_exporter",
      "provider": "provider[\"registry.terraform.io/terraform-providers/exoscale\"]",
      "instances": [
        {
          "schema_version": 0,
          "attributes": {
            "cidr": "0.0.0.0/0",
            "description": null,
            "end_port": 9100,
            "icmp_code": 0,
            "icmp_type": 0,
            "id": "2a8e34a9-193b-4971-b866-ca2a868cfd8e",
            "protocol": "TCP",
            "security_group": "mainRuleSet",
            "security_group_id": "b8e4e171-5436-4018-b5ed-2b9c00640254",
            "start_port": 9100,
            "timeouts": null,
            "type": "INGRESS",
            "user_security_group": "",
            "user_security_group_id": null
          },
          "private": "eyJlMmJmYjczMC1lY2FhLTExZTYtOGY4OC0zNDM2M2JjN2M0YzAiOnsiY3JlYXRlIjozMDAwMDAwMDAwMDAsImRlbGV0ZSI6MzAwMDAwMDAwMDAwLCJyZWFkIjozMDAwMDAwMDAwMDB9fQ==",
          "dependencies": [
            "exoscale_security_group.sg"
          ]
        }
      ]
    },
    {
      "mode": "managed",
      "type": "exoscale_security_group_rule",
      "name": "prometheus",
      "provider": "provider[\"registry.terraform.io/terraform-providers/exoscale\"]",
      "instances": [
        {
          "schema_version": 0,
          "attributes": {
            "cidr": "0.0.0.0/0",
            "description": null,
            "end_port": 9090,
            "icmp_code": 0,
            "icmp_type": 0,
            "id": "1a8dbd9a-a0f3-4e16-b33b-cf1a43db14c9",
            "protocol": "TCP",
            "security_group": "mainRuleSet",
            "security_group_id": "b8e4e171-5436-4018-b5ed-2b9c00640254",
            "start_port": 9090,
            "timeouts": null,
            "type": "INGRESS",
            "user_security_group": "",
            "user_security_group_id": null
          },
          "private": "eyJlMmJmYjczMC1lY2FhLTExZTYtOGY4OC0zNDM2M2JjN2M0YzAiOnsiY3JlYXRlIjozMDAwMDAwMDAwMDAsImRlbGV0ZSI6MzAwMDAwMDAwMDAwLCJyZWFkIjozMDAwMDAwMDAwMDB9fQ==",
          "dependencies": [
            "exoscale_security_group.sg"
          ]
        }
      ]
    },
    {
      "mode": "managed",
      "type": "exoscale_security_group_rule",
      "name": "ssh",
      "provider": "provider[\"registry.terraform.io/terraform-providers/exoscale\"]",
      "instances": [
        {
          "schema_version": 0,
          "attributes": {
            "cidr": "0.0.0.0/0",
            "description": null,
            "end_port": 4430,
            "icmp_code": 0,
            "icmp_type": 0,
            "id": "e6aca8b3-650e-443b-9827-b6b5c2b43325",
            "protocol": "TCP",
            "security_group": "mainRuleSet",
            "security_group_id": "b8e4e171-5436-4018-b5ed-2b9c00640254",
            "start_port": 4430,
            "timeouts": null,
            "type": "INGRESS",
            "user_security_group": "",
            "user_security_group_id": null
          },
          "private": "eyJlMmJmYjczMC1lY2FhLTExZTYtOGY4OC0zNDM2M2JjN2M0YzAiOnsiY3JlYXRlIjozMDAwMDAwMDAwMDAsImRlbGV0ZSI6MzAwMDAwMDAwMDAwLCJyZWFkIjozMDAwMDAwMDAwMDB9fQ==",
          "dependencies": [
            "exoscale_security_group.sg"
          ]
        }
      ]
    }
  ]
}
