{
  "version": 4,
  "terraform_version": "0.13.3",
  "serial": 21,
  "lineage": "9e13de2c-5934-acb7-2a44-368b67e88c46",
  "outputs": {},
  "resources": [
    {
      "mode": "data",
      "type": "exoscale_compute_template",
      "name": "ubuntu",
      "provider": "provider[\"registry.terraform.io/terraform-providers/exoscale\"]",
      "instances": [
        {
          "schema_version": 0,
          "attributes": {
            "filter": "featured",
            "id": "c19542b7-d269-4bd4-bf7c-2cae36d066d3",
            "name": "Linux Ubuntu 20.04 LTS 64-bit",
            "username": "ubuntu",
            "zone": "at-vie-1"
          }
        }
      ]
    },
    {
      "mode": "managed",
      "type": "exoscale_instance_pool",
      "name": "ccpInstancePool",
      "provider": "provider[\"registry.terraform.io/terraform-providers/exoscale\"]",
      "instances": [
        {
          "schema_version": 0,
          "attributes": {
            "description": "",
            "disk_size": 10,
            "id": "06a41ff7-3541-6ea9-be89-0972dd0619b3",
            "ipv6": false,
            "key_pair": "",
            "name": "ccpInstancePool",
            "network_ids": null,
            "security_group_ids": [
              "2791f7fb-3425-4ba7-9730-39424da474ef"
            ],
            "service_offering": "micro",
            "size": 3,
            "state": "scaling-up",
            "template_id": "c19542b7-d269-4bd4-bf7c-2cae36d066d3",
            "timeouts": {
              "create": null,
              "delete": "10m",
              "read": null,
              "update": null
            },
            "user_data": "#!/bin/bash\r\nset -e\r\napt update\r\napt install -y nginx\r\n",
            "virtual_machines": [
              "pool-06a41-eaiwt",
              "pool-06a41-fvmib",
              "pool-06a41-tpqqf"
            ],
            "zone": "at-vie-1"
          },
          "private": "eyJlMmJmYjczMC1lY2FhLTExZTYtOGY4OC0zNDM2M2JjN2M0YzAiOnsiY3JlYXRlIjozMDAwMDAwMDAwMDAsImRlbGV0ZSI6NjAwMDAwMDAwMDAwLCJyZWFkIjozMDAwMDAwMDAwMDAsInVwZGF0ZSI6MzAwMDAwMDAwMDAwfX0=",
          "dependencies": [
            "data.exoscale_compute_template.ubuntu",
            "exoscale_security_group.sg"
          ]
        }
      ]
    },
    {
      "mode": "managed",
      "type": "exoscale_security_group",
      "name": "sg",
      "provider": "provider[\"registry.terraform.io/terraform-providers/exoscale\"]",
      "instances": [
        {
          "schema_version": 0,
          "attributes": {
            "description": "",
            "id": "2791f7fb-3425-4ba7-9730-39424da474ef",
            "name": "mainRuleSet",
            "tags": null,
            "timeouts": null
          },
          "private": "eyJlMmJmYjczMC1lY2FhLTExZTYtOGY4OC0zNDM2M2JjN2M0YzAiOnsiY3JlYXRlIjozMDAwMDAwMDAwMDAsImRlbGV0ZSI6MzAwMDAwMDAwMDAwLCJyZWFkIjozMDAwMDAwMDAwMDB9fQ=="
        }
      ]
    },
    {
      "mode": "managed",
      "type": "exoscale_security_group_rule",
      "name": "http",
      "provider": "provider[\"registry.terraform.io/terraform-providers/exoscale\"]",
      "instances": [
        {
          "schema_version": 0,
          "attributes": {
            "cidr": "0.0.0.0/0",
            "description": null,
            "end_port": 80,
            "icmp_code": 0,
            "icmp_type": 0,
            "id": "6aedf81a-09ac-4f9b-801a-489b27edc100",
            "protocol": "TCP",
            "security_group": "mainRuleSet",
            "security_group_id": "2791f7fb-3425-4ba7-9730-39424da474ef",
            "start_port": 80,
            "timeouts": null,
            "type": "INGRESS",
            "user_security_group": "",
            "user_security_group_id": null
          },
          "private": "eyJlMmJmYjczMC1lY2FhLTExZTYtOGY4OC0zNDM2M2JjN2M0YzAiOnsiY3JlYXRlIjozMDAwMDAwMDAwMDAsImRlbGV0ZSI6MzAwMDAwMDAwMDAwLCJyZWFkIjozMDAwMDAwMDAwMDB9fQ==",
          "dependencies": [
            "exoscale_security_group.sg"
          ]
        }
      ]
    },
    {
      "mode": "managed",
      "type": "exoscale_security_group_rule",
      "name": "ssh",
      "provider": "provider[\"registry.terraform.io/terraform-providers/exoscale\"]",
      "instances": [
        {
          "schema_version": 0,
          "attributes": {
            "cidr": "0.0.0.0/0",
            "description": null,
            "end_port": 4430,
            "icmp_code": 0,
            "icmp_type": 0,
            "id": "0f7f4d03-d934-4045-a8b3-ecc5e413c42e",
            "protocol": "TCP",
            "security_group": "mainRuleSet",
            "security_group_id": "2791f7fb-3425-4ba7-9730-39424da474ef",
            "start_port": 4430,
            "timeouts": null,
            "type": "INGRESS",
            "user_security_group": "",
            "user_security_group_id": null
          },
          "private": "eyJlMmJmYjczMC1lY2FhLTExZTYtOGY4OC0zNDM2M2JjN2M0YzAiOnsiY3JlYXRlIjozMDAwMDAwMDAwMDAsImRlbGV0ZSI6MzAwMDAwMDAwMDAwLCJyZWFkIjozMDAwMDAwMDAwMDB9fQ==",
          "dependencies": [
            "exoscale_security_group.sg"
          ]
        }
      ]
    }
  ]
}
