{
  "version": 4,
  "terraform_version": "0.13.3",
  "serial": 900,
  "lineage": "9e13de2c-5934-acb7-2a44-368b67e88c46",
  "outputs": {},
  "resources": [
    {
      "mode": "data",
      "type": "exoscale_compute_template",
      "name": "ubuntu",
      "provider": "provider[\"registry.terraform.io/terraform-providers/exoscale\"]",
      "instances": [
        {
          "schema_version": 0,
          "attributes": {
            "filter": "featured",
            "id": "c19542b7-d269-4bd4-bf7c-2cae36d066d3",
            "name": "Linux Ubuntu 20.04 LTS 64-bit",
            "username": "ubuntu",
            "zone": "at-vie-1"
          }
        }
      ]
    },
    {
      "mode": "managed",
      "type": "exoscale_compute",
      "name": "MonitoringInstancePrometheus",
      "provider": "provider[\"registry.terraform.io/terraform-providers/exoscale\"]",
      "instances": [
        {
          "schema_version": 0,
          "attributes": {
            "affinity_group_ids": [],
            "affinity_groups": [],
            "disk_size": 10,
            "display_name": "MonitoringInstancePrometheus",
            "gateway": "185.150.8.1",
            "hostname": "MonitoringInstancePrometheus",
            "id": "197d1e12-d2a1-4e4f-8f0f-53d48a556953",
            "ip4": true,
            "ip6": false,
            "ip6_address": "",
            "ip6_cidr": "",
            "ip_address": "185.150.11.41",
            "key_pair": "",
            "keyboard": null,
            "name": "MonitoringInstancePrometheus",
            "password": "aN5kgzwgnrbtgvq",
            "reverse_dns": null,
            "security_group_ids": [
              "7e91fc85-79ed-4db6-aab2-c29a0a01f23b"
            ],
            "security_groups": [
              "mainRuleSet"
            ],
            "size": "Micro",
            "state": "Running",
            "tags": {},
            "template": "Linux Ubuntu 20.04 LTS 64-bit",
            "template_id": "c19542b7-d269-4bd4-bf7c-2cae36d066d3",
            "timeouts": null,
            "user_data": "#!/bin/bash\r\n\r\nset -e\r\nsudo apt update\r\n\r\n#install prometheus and setup files\r\nsudo apt-get -y install prometheus\r\n\r\nsudo echo \"global:\r\n  scrape_interval: 15s\r\nscrape_configs:\r\n  - job_name: 'prometheus'\r\n    scrape_interval: 5s\r\n    static_configs:\r\n      - targets: ['localhost:9090']\r\n  - job_name: Monitoring Server Node Exporter\r\n    static_configs:\r\n      - targets:\r\n          - 'localhost:9100'\r\n  - job_name: Service Discovery\r\n    file_sd_configs:\r\n      - files:\r\n          - /etc/prometheus/targets.json\r\n        refresh_interval: 10s\" \u003e /etc/prometheus/prometheus.yml;\r\nsudo systemctl restart prometheus\r\n#END install prometheus and setup files\r\n\r\ncurl -fsSL https://get.docker.com -o get-docker.sh\r\nsudo sh get-docker.sh\r\n\r\ngit clone https://github.com/SirRacuga/CCP.git\r\ncd CCP/servicediscovery\r\ndocker build --tag servicediscovery:1.0 .\r\n\r\nsudo docker run \\\r\n    -d \\\r\n    -e EXOSCALE_KEY=EXO58ddfe98552a6059aaaad98c \\\r\n    -e EXOSCALE_SECRET=knAP0mmFsKKedu4PmU4yg5mcQ0OxsUfgwOlCuJkJk5Y \\\r\n    -e EXOSCALE_ZONE=at-vie-1 \\\r\n    -e EXOSCALE_INSTANCEPOOL_ID=01bb1e3b-2b5f-f993-ad0f-7298a8832d17 \\\r\n    -e TARGET_PORT=9100 \\\r\n    -v /etc/prometheus:/prometheus \\\r\n    servicediscovery:1.0\r\n",
            "user_data_base64": false,
            "username": "root",
            "zone": "at-vie-1"
          },
          "private": "eyJlMmJmYjczMC1lY2FhLTExZTYtOGY4OC0zNDM2M2JjN2M0YzAiOnsiY3JlYXRlIjozMDAwMDAwMDAwMDAsImRlbGV0ZSI6MzAwMDAwMDAwMDAwLCJyZWFkIjozMDAwMDAwMDAwMDAsInVwZGF0ZSI6MzAwMDAwMDAwMDAwfX0=",
          "dependencies": [
            "data.exoscale_compute_template.ubuntu",
            "exoscale_instance_pool.ccpInstancePool",
            "exoscale_security_group.sg"
          ]
        }
      ]
    },
    {
      "mode": "managed",
      "type": "exoscale_instance_pool",
      "name": "ccpInstancePool",
      "provider": "provider[\"registry.terraform.io/terraform-providers/exoscale\"]",
      "instances": [
        {
          "schema_version": 0,
          "attributes": {
            "description": "",
            "disk_size": 10,
            "id": "01bb1e3b-2b5f-f993-ad0f-7298a8832d17",
            "ipv6": false,
            "key_pair": "",
            "name": "ccpInstancePool",
            "network_ids": null,
            "security_group_ids": [
              "7e91fc85-79ed-4db6-aab2-c29a0a01f23b"
            ],
            "service_offering": "micro",
            "size": 3,
            "state": "scaling-up",
            "template_id": "c19542b7-d269-4bd4-bf7c-2cae36d066d3",
            "timeouts": {
              "create": null,
              "delete": "10m",
              "read": null,
              "update": null
            },
            "user_data": "#!/bin/bash\r\n\r\nset -e\r\napt update\r\n\r\n#install docker //exercise way - not recommended\r\ncurl -fsSL https://get.docker.com -o get-docker.sh\r\nsudo sh get-docker.sh\r\n\r\n#pulls the image and runs it\r\nsudo docker pull janoszen/http-load-generator:latest\r\nsudo docker run -d --rm -p 80:8080 janoszen/http-load-generator\r\n\r\n#exuting the node exporter as suggested in the exercise\r\nsudo docker run -d -p 9100:9100 \\\r\n  --net=\"host\" \\\r\n  --pid=\"host\" \\\r\n  -v \"/:/host:ro,rslave\" \\\r\n  quay.io/prometheus/node-exporter \\\r\n  --path.rootfs=/host\r\n",
            "virtual_machines": [
              "pool-01bb1-puwvh",
              "pool-01bb1-trghr",
              "pool-01bb1-wawwy"
            ],
            "zone": "at-vie-1"
          },
          "private": "eyJlMmJmYjczMC1lY2FhLTExZTYtOGY4OC0zNDM2M2JjN2M0YzAiOnsiY3JlYXRlIjozMDAwMDAwMDAwMDAsImRlbGV0ZSI6NjAwMDAwMDAwMDAwLCJyZWFkIjozMDAwMDAwMDAwMDAsInVwZGF0ZSI6MzAwMDAwMDAwMDAwfX0=",
          "dependencies": [
            "data.exoscale_compute_template.ubuntu",
            "exoscale_security_group.sg"
          ]
        }
      ]
    },
    {
      "mode": "managed",
      "type": "exoscale_nlb",
      "name": "ccpNLB",
      "provider": "provider[\"registry.terraform.io/terraform-providers/exoscale\"]",
      "instances": [
        {
          "schema_version": 0,
          "attributes": {
            "created_at": "2020-11-11 04:45:41 +0000 UTC",
            "description": "This is the Network Load Balancer",
            "id": "b9fc8191-4292-455a-bd0e-b76382562285",
            "ip_address": "185.150.8.193",
            "name": "ccpNLB",
            "services": [],
            "state": "running",
            "timeouts": null,
            "zone": "at-vie-1"
          },
          "private": "eyJlMmJmYjczMC1lY2FhLTExZTYtOGY4OC0zNDM2M2JjN2M0YzAiOnsiY3JlYXRlIjozMDAwMDAwMDAwMDAsImRlbGV0ZSI6MzAwMDAwMDAwMDAwLCJyZWFkIjozMDAwMDAwMDAwMDAsInVwZGF0ZSI6MzAwMDAwMDAwMDAwfX0="
        }
      ]
    },
    {
      "mode": "managed",
      "type": "exoscale_nlb_service",
      "name": "ccpNLBService",
      "provider": "provider[\"registry.terraform.io/terraform-providers/exoscale\"]",
      "instances": [
        {
          "schema_version": 0,
          "attributes": {
            "description": "ccpNLBService",
            "healthcheck": [
              {
                "interval": 5,
                "mode": "http",
                "port": 80,
                "retries": 1,
                "timeout": 3,
                "tls_sni": "",
                "uri": "/health"
              }
            ],
            "id": "13d276ca-6bd9-4d12-b4e5-97708f8a0e90",
            "instance_pool_id": "01bb1e3b-2b5f-f993-ad0f-7298a8832d17",
            "name": "ccpNLBService",
            "nlb_id": "b9fc8191-4292-455a-bd0e-b76382562285",
            "port": 80,
            "protocol": "tcp",
            "strategy": "round-robin",
            "target_port": 80,
            "timeouts": null,
            "zone": "at-vie-1"
          },
          "private": "eyJlMmJmYjczMC1lY2FhLTExZTYtOGY4OC0zNDM2M2JjN2M0YzAiOnsiY3JlYXRlIjozMDAwMDAwMDAwMDAsImRlbGV0ZSI6MzAwMDAwMDAwMDAwLCJyZWFkIjozMDAwMDAwMDAwMDAsInVwZGF0ZSI6MzAwMDAwMDAwMDAwfX0=",
          "dependencies": [
            "data.exoscale_compute_template.ubuntu",
            "exoscale_instance_pool.ccpInstancePool",
            "exoscale_nlb.ccpNLB",
            "exoscale_security_group.sg"
          ]
        }
      ]
    },
    {
      "mode": "managed",
      "type": "exoscale_security_group",
      "name": "sg",
      "provider": "provider[\"registry.terraform.io/terraform-providers/exoscale\"]",
      "instances": [
        {
          "schema_version": 0,
          "attributes": {
            "description": "",
            "id": "7e91fc85-79ed-4db6-aab2-c29a0a01f23b",
            "name": "mainRuleSet",
            "tags": null,
            "timeouts": null
          },
          "private": "eyJlMmJmYjczMC1lY2FhLTExZTYtOGY4OC0zNDM2M2JjN2M0YzAiOnsiY3JlYXRlIjozMDAwMDAwMDAwMDAsImRlbGV0ZSI6MzAwMDAwMDAwMDAwLCJyZWFkIjozMDAwMDAwMDAwMDB9fQ=="
        }
      ]
    },
    {
      "mode": "managed",
      "type": "exoscale_security_group_rule",
      "name": "http",
      "provider": "provider[\"registry.terraform.io/terraform-providers/exoscale\"]",
      "instances": [
        {
          "schema_version": 0,
          "attributes": {
            "cidr": "0.0.0.0/0",
            "description": null,
            "end_port": 80,
            "icmp_code": 0,
            "icmp_type": 0,
            "id": "0076597e-6200-4d7d-bf55-94e829592f99",
            "protocol": "TCP",
            "security_group": "mainRuleSet",
            "security_group_id": "7e91fc85-79ed-4db6-aab2-c29a0a01f23b",
            "start_port": 80,
            "timeouts": null,
            "type": "INGRESS",
            "user_security_group": "",
            "user_security_group_id": null
          },
          "private": "eyJlMmJmYjczMC1lY2FhLTExZTYtOGY4OC0zNDM2M2JjN2M0YzAiOnsiY3JlYXRlIjozMDAwMDAwMDAwMDAsImRlbGV0ZSI6MzAwMDAwMDAwMDAwLCJyZWFkIjozMDAwMDAwMDAwMDB9fQ==",
          "dependencies": [
            "exoscale_security_group.sg"
          ]
        }
      ]
    },
    {
      "mode": "managed",
      "type": "exoscale_security_group_rule",
      "name": "metrics_exporter",
      "provider": "provider[\"registry.terraform.io/terraform-providers/exoscale\"]",
      "instances": [
        {
          "schema_version": 0,
          "attributes": {
            "cidr": "0.0.0.0/0",
            "description": null,
            "end_port": 9100,
            "icmp_code": 0,
            "icmp_type": 0,
            "id": "5f0d2a6f-ab44-44bf-baf9-46e8a9fb2c3c",
            "protocol": "TCP",
            "security_group": "mainRuleSet",
            "security_group_id": "7e91fc85-79ed-4db6-aab2-c29a0a01f23b",
            "start_port": 9100,
            "timeouts": null,
            "type": "INGRESS",
            "user_security_group": "",
            "user_security_group_id": null
          },
          "private": "eyJlMmJmYjczMC1lY2FhLTExZTYtOGY4OC0zNDM2M2JjN2M0YzAiOnsiY3JlYXRlIjozMDAwMDAwMDAwMDAsImRlbGV0ZSI6MzAwMDAwMDAwMDAwLCJyZWFkIjozMDAwMDAwMDAwMDB9fQ==",
          "dependencies": [
            "exoscale_security_group.sg"
          ]
        }
      ]
    },
    {
      "mode": "managed",
      "type": "exoscale_security_group_rule",
      "name": "prometheus",
      "provider": "provider[\"registry.terraform.io/terraform-providers/exoscale\"]",
      "instances": [
        {
          "schema_version": 0,
          "attributes": {
            "cidr": "0.0.0.0/0",
            "description": null,
            "end_port": 9090,
            "icmp_code": 0,
            "icmp_type": 0,
            "id": "8f28242b-0f25-44bf-a773-cb097e76a06d",
            "protocol": "TCP",
            "security_group": "mainRuleSet",
            "security_group_id": "7e91fc85-79ed-4db6-aab2-c29a0a01f23b",
            "start_port": 9090,
            "timeouts": null,
            "type": "INGRESS",
            "user_security_group": "",
            "user_security_group_id": null
          },
          "private": "eyJlMmJmYjczMC1lY2FhLTExZTYtOGY4OC0zNDM2M2JjN2M0YzAiOnsiY3JlYXRlIjozMDAwMDAwMDAwMDAsImRlbGV0ZSI6MzAwMDAwMDAwMDAwLCJyZWFkIjozMDAwMDAwMDAwMDB9fQ==",
          "dependencies": [
            "exoscale_security_group.sg"
          ]
        }
      ]
    },
    {
      "mode": "managed",
      "type": "exoscale_security_group_rule",
      "name": "ssh",
      "provider": "provider[\"registry.terraform.io/terraform-providers/exoscale\"]",
      "instances": [
        {
          "schema_version": 0,
          "attributes": {
            "cidr": "0.0.0.0/0",
            "description": null,
            "end_port": 4430,
            "icmp_code": 0,
            "icmp_type": 0,
            "id": "38415846-c155-4c00-927f-3698e4552d9b",
            "protocol": "TCP",
            "security_group": "mainRuleSet",
            "security_group_id": "7e91fc85-79ed-4db6-aab2-c29a0a01f23b",
            "start_port": 4430,
            "timeouts": null,
            "type": "INGRESS",
            "user_security_group": "",
            "user_security_group_id": null
          },
          "private": "eyJlMmJmYjczMC1lY2FhLTExZTYtOGY4OC0zNDM2M2JjN2M0YzAiOnsiY3JlYXRlIjozMDAwMDAwMDAwMDAsImRlbGV0ZSI6MzAwMDAwMDAwMDAwLCJyZWFkIjozMDAwMDAwMDAwMDB9fQ==",
          "dependencies": [
            "exoscale_security_group.sg"
          ]
        }
      ]
    }
  ]
}
