{
  "version": 4,
  "terraform_version": "0.13.3",
  "serial": 694,
  "lineage": "9e13de2c-5934-acb7-2a44-368b67e88c46",
  "outputs": {},
  "resources": [
    {
      "mode": "data",
      "type": "exoscale_compute_template",
      "name": "ubuntu",
      "provider": "provider[\"registry.terraform.io/terraform-providers/exoscale\"]",
      "instances": [
        {
          "schema_version": 0,
          "attributes": {
            "filter": "featured",
            "id": "c19542b7-d269-4bd4-bf7c-2cae36d066d3",
            "name": "Linux Ubuntu 20.04 LTS 64-bit",
            "username": "ubuntu",
            "zone": "at-vie-1"
          }
        }
      ]
    },
    {
      "mode": "managed",
      "type": "exoscale_compute",
      "name": "prometheus",
      "provider": "provider[\"registry.terraform.io/terraform-providers/exoscale\"]",
      "instances": [
        {
          "schema_version": 0,
          "attributes": {
            "affinity_group_ids": [],
            "affinity_groups": [],
            "disk_size": 10,
            "display_name": "prometheus",
            "gateway": "194.182.184.1",
            "hostname": "prometheus",
            "id": "89328b90-719f-48f3-9ec4-fd9e04830bf1",
            "ip4": true,
            "ip6": false,
            "ip6_address": "",
            "ip6_cidr": "",
            "ip_address": "194.182.187.145",
            "key_pair": "",
            "keyboard": null,
            "name": "prometheus",
            "password": "kD4fikbnvaqrqeb",
            "reverse_dns": null,
            "security_group_ids": [
              "599504ea-210c-4746-9e2b-0e471b8e2e24"
            ],
            "security_groups": [
              "mainRuleSet"
            ],
            "size": "Micro",
            "state": "Running",
            "tags": {},
            "template": "Linux Ubuntu 20.04 LTS 64-bit",
            "template_id": "c19542b7-d269-4bd4-bf7c-2cae36d066d3",
            "timeouts": null,
            "user_data": "#!/bin/bash\r\nset -e\r\nsudo apt update\r\nsudo apt-get -y install prometheus\r\nsudo echo \"[\r\n  {\r\n    \"targets\": [ \"localhost:9100\" ]\r\n  }\r\n]\" \u003e /etc/prometheus/targets.json;\r\nsudo echo \"global:\r\n  scrape_interval: 15s\r\nscrape_configs:\r\n  - job_name: 'prometheus'\r\n    scrape_interval: 5s\r\n    static_configs:\r\n      - targets: ['localhost:9090']\r\n  - job_name: Monitoring Server Node Exporter\r\n    static_configs:\r\n      - targets:\r\n          - 'localhost:9100'\r\n  - job_name: Service Discovery\r\n    file_sd_configs:\r\n      - files:\r\n          - /etc/prometheus/targets.json\r\n        refresh_interval: 10s\" \u003e /etc/prometheus/prometheus.yml;\r\nsudo systemctl restart prometheus\r\ncurl -fsSL https://get.docker.com -o get-docker.sh\r\nsudo sh get-docker.sh\r\nsudo docker pull emircajlakem/prometheus_service_discovery:latest\r\nsudo docker run \\\r\n    -d \\\r\n    -e EXOSCALE_KEY=EXO58ddfe98552a6059aaaad98c \\\r\n    -e EXOSCALE_SECRET=knAP0mmFsKKedu4PmU4yg5mcQ0OxsUfgwOlCuJkJk5Y \\\r\n    -e EXOSCALE_ZONE=at-vie-1 \\\r\n    -e EXOSCALE_INSTANCEPOOL_ID=3091b706-fb96-fa18-11f3-e3c2a4edf2df \\\r\n    -e TARGET_PORT=9100 \\\r\n    -v /etc/prometheus:/prometheus \\\r\n    emircajlakem/prometheus_service_discovery\r\n",
            "user_data_base64": false,
            "username": "root",
            "zone": "at-vie-1"
          },
          "private": "eyJlMmJmYjczMC1lY2FhLTExZTYtOGY4OC0zNDM2M2JjN2M0YzAiOnsiY3JlYXRlIjozMDAwMDAwMDAwMDAsImRlbGV0ZSI6MzAwMDAwMDAwMDAwLCJyZWFkIjozMDAwMDAwMDAwMDAsInVwZGF0ZSI6MzAwMDAwMDAwMDAwfX0=",
          "dependencies": [
            "data.exoscale_compute_template.ubuntu",
            "exoscale_instance_pool.ccpInstancePool",
            "exoscale_security_group.sg"
          ]
        }
      ]
    },
    {
      "mode": "managed",
      "type": "exoscale_instance_pool",
      "name": "ccpInstancePool",
      "provider": "provider[\"registry.terraform.io/terraform-providers/exoscale\"]",
      "instances": [
        {
          "schema_version": 0,
          "attributes": {
            "description": "",
            "disk_size": 10,
            "id": "3091b706-fb96-fa18-11f3-e3c2a4edf2df",
            "ipv6": false,
            "key_pair": "",
            "name": "ccpInstancePool",
            "network_ids": null,
            "security_group_ids": [
              "599504ea-210c-4746-9e2b-0e471b8e2e24"
            ],
            "service_offering": "micro",
            "size": 3,
            "state": "scaling-up",
            "template_id": "c19542b7-d269-4bd4-bf7c-2cae36d066d3",
            "timeouts": {
              "create": null,
              "delete": "10m",
              "read": null,
              "update": null
            },
            "user_data": "#!/bin/bash\r\nset -e\r\napt update\r\ncurl -fsSL https://get.docker.com -o get-docker.sh\r\nsudo sh get-docker.sh\r\nsudo docker pull janoszen/http-load-generator:latest\r\nsudo docker run -d --rm -p 80:8080 janoszen/http-load-generator\r\nsudo docker run -d -p 9100:9100 \\\r\n  --net=\"host\" \\\r\n  --pid=\"host\" \\\r\n  -v \"/:/host:ro,rslave\" \\\r\n  quay.io/prometheus/node-exporter \\\r\n  --path.rootfs=/host\r\n",
            "virtual_machines": [
              "pool-3091b-mfugf",
              "pool-3091b-ndiqy",
              "pool-3091b-tofgw"
            ],
            "zone": "at-vie-1"
          },
          "private": "eyJlMmJmYjczMC1lY2FhLTExZTYtOGY4OC0zNDM2M2JjN2M0YzAiOnsiY3JlYXRlIjozMDAwMDAwMDAwMDAsImRlbGV0ZSI6NjAwMDAwMDAwMDAwLCJyZWFkIjozMDAwMDAwMDAwMDAsInVwZGF0ZSI6MzAwMDAwMDAwMDAwfX0=",
          "dependencies": [
            "data.exoscale_compute_template.ubuntu",
            "exoscale_security_group.sg"
          ]
        }
      ]
    },
    {
      "mode": "managed",
      "type": "exoscale_nlb",
      "name": "ccpNLB",
      "provider": "provider[\"registry.terraform.io/terraform-providers/exoscale\"]",
      "instances": [
        {
          "schema_version": 0,
          "attributes": {
            "created_at": "2020-11-10 23:30:03 +0000 UTC",
            "description": "This is the Network Load Balancer",
            "id": "9acfb043-1e02-43f4-8857-db45b31eb46f",
            "ip_address": "194.182.184.116",
            "name": "ccpNLB",
            "services": [],
            "state": "running",
            "timeouts": null,
            "zone": "at-vie-1"
          },
          "private": "eyJlMmJmYjczMC1lY2FhLTExZTYtOGY4OC0zNDM2M2JjN2M0YzAiOnsiY3JlYXRlIjozMDAwMDAwMDAwMDAsImRlbGV0ZSI6MzAwMDAwMDAwMDAwLCJyZWFkIjozMDAwMDAwMDAwMDAsInVwZGF0ZSI6MzAwMDAwMDAwMDAwfX0="
        }
      ]
    },
    {
      "mode": "managed",
      "type": "exoscale_nlb_service",
      "name": "ccpNLBService",
      "provider": "provider[\"registry.terraform.io/terraform-providers/exoscale\"]",
      "instances": [
        {
          "schema_version": 0,
          "attributes": {
            "description": "ccpNLBService",
            "healthcheck": [
              {
                "interval": 5,
                "mode": "http",
                "port": 80,
                "retries": 1,
                "timeout": 3,
                "tls_sni": "",
                "uri": "/health"
              }
            ],
            "id": "6331c56f-2517-46a7-9146-a64c4f68919f",
            "instance_pool_id": "3091b706-fb96-fa18-11f3-e3c2a4edf2df",
            "name": "ccpNLBService",
            "nlb_id": "9acfb043-1e02-43f4-8857-db45b31eb46f",
            "port": 80,
            "protocol": "tcp",
            "strategy": "round-robin",
            "target_port": 80,
            "timeouts": null,
            "zone": "at-vie-1"
          },
          "private": "eyJlMmJmYjczMC1lY2FhLTExZTYtOGY4OC0zNDM2M2JjN2M0YzAiOnsiY3JlYXRlIjozMDAwMDAwMDAwMDAsImRlbGV0ZSI6MzAwMDAwMDAwMDAwLCJyZWFkIjozMDAwMDAwMDAwMDAsInVwZGF0ZSI6MzAwMDAwMDAwMDAwfX0=",
          "dependencies": [
            "data.exoscale_compute_template.ubuntu",
            "exoscale_instance_pool.ccpInstancePool",
            "exoscale_nlb.ccpNLB",
            "exoscale_security_group.sg"
          ]
        }
      ]
    },
    {
      "mode": "managed",
      "type": "exoscale_security_group",
      "name": "sg",
      "provider": "provider[\"registry.terraform.io/terraform-providers/exoscale\"]",
      "instances": [
        {
          "schema_version": 0,
          "attributes": {
            "description": "",
            "id": "599504ea-210c-4746-9e2b-0e471b8e2e24",
            "name": "mainRuleSet",
            "tags": null,
            "timeouts": null
          },
          "private": "eyJlMmJmYjczMC1lY2FhLTExZTYtOGY4OC0zNDM2M2JjN2M0YzAiOnsiY3JlYXRlIjozMDAwMDAwMDAwMDAsImRlbGV0ZSI6MzAwMDAwMDAwMDAwLCJyZWFkIjozMDAwMDAwMDAwMDB9fQ=="
        }
      ]
    },
    {
      "mode": "managed",
      "type": "exoscale_security_group_rule",
      "name": "http",
      "provider": "provider[\"registry.terraform.io/terraform-providers/exoscale\"]",
      "instances": [
        {
          "schema_version": 0,
          "attributes": {
            "cidr": "0.0.0.0/0",
            "description": null,
            "end_port": 80,
            "icmp_code": 0,
            "icmp_type": 0,
            "id": "f9574200-5009-481e-b45c-7370be54e1af",
            "protocol": "TCP",
            "security_group": "mainRuleSet",
            "security_group_id": "599504ea-210c-4746-9e2b-0e471b8e2e24",
            "start_port": 80,
            "timeouts": null,
            "type": "INGRESS",
            "user_security_group": "",
            "user_security_group_id": null
          },
          "private": "eyJlMmJmYjczMC1lY2FhLTExZTYtOGY4OC0zNDM2M2JjN2M0YzAiOnsiY3JlYXRlIjozMDAwMDAwMDAwMDAsImRlbGV0ZSI6MzAwMDAwMDAwMDAwLCJyZWFkIjozMDAwMDAwMDAwMDB9fQ==",
          "dependencies": [
            "exoscale_security_group.sg"
          ]
        }
      ]
    },
    {
      "mode": "managed",
      "type": "exoscale_security_group_rule",
      "name": "metrics_exporter",
      "provider": "provider[\"registry.terraform.io/terraform-providers/exoscale\"]",
      "instances": [
        {
          "schema_version": 0,
          "attributes": {
            "cidr": "0.0.0.0/0",
            "description": null,
            "end_port": 9100,
            "icmp_code": 0,
            "icmp_type": 0,
            "id": "27dae758-a0bd-4b15-8246-53ee67bd07be",
            "protocol": "TCP",
            "security_group": "mainRuleSet",
            "security_group_id": "599504ea-210c-4746-9e2b-0e471b8e2e24",
            "start_port": 9100,
            "timeouts": null,
            "type": "INGRESS",
            "user_security_group": "",
            "user_security_group_id": null
          },
          "private": "eyJlMmJmYjczMC1lY2FhLTExZTYtOGY4OC0zNDM2M2JjN2M0YzAiOnsiY3JlYXRlIjozMDAwMDAwMDAwMDAsImRlbGV0ZSI6MzAwMDAwMDAwMDAwLCJyZWFkIjozMDAwMDAwMDAwMDB9fQ==",
          "dependencies": [
            "exoscale_security_group.sg"
          ]
        }
      ]
    },
    {
      "mode": "managed",
      "type": "exoscale_security_group_rule",
      "name": "prometheus",
      "provider": "provider[\"registry.terraform.io/terraform-providers/exoscale\"]",
      "instances": [
        {
          "schema_version": 0,
          "attributes": {
            "cidr": "0.0.0.0/0",
            "description": null,
            "end_port": 9090,
            "icmp_code": 0,
            "icmp_type": 0,
            "id": "bba1f239-25cd-494a-a7ac-2654b423a36c",
            "protocol": "TCP",
            "security_group": "mainRuleSet",
            "security_group_id": "599504ea-210c-4746-9e2b-0e471b8e2e24",
            "start_port": 9090,
            "timeouts": null,
            "type": "INGRESS",
            "user_security_group": "",
            "user_security_group_id": null
          },
          "private": "eyJlMmJmYjczMC1lY2FhLTExZTYtOGY4OC0zNDM2M2JjN2M0YzAiOnsiY3JlYXRlIjozMDAwMDAwMDAwMDAsImRlbGV0ZSI6MzAwMDAwMDAwMDAwLCJyZWFkIjozMDAwMDAwMDAwMDB9fQ==",
          "dependencies": [
            "exoscale_security_group.sg"
          ]
        }
      ]
    },
    {
      "mode": "managed",
      "type": "exoscale_security_group_rule",
      "name": "ssh",
      "provider": "provider[\"registry.terraform.io/terraform-providers/exoscale\"]",
      "instances": [
        {
          "schema_version": 0,
          "attributes": {
            "cidr": "0.0.0.0/0",
            "description": null,
            "end_port": 4430,
            "icmp_code": 0,
            "icmp_type": 0,
            "id": "2506fedd-77d8-4c0c-9a60-d765752b2c42",
            "protocol": "TCP",
            "security_group": "mainRuleSet",
            "security_group_id": "599504ea-210c-4746-9e2b-0e471b8e2e24",
            "start_port": 4430,
            "timeouts": null,
            "type": "INGRESS",
            "user_security_group": "",
            "user_security_group_id": null
          },
          "private": "eyJlMmJmYjczMC1lY2FhLTExZTYtOGY4OC0zNDM2M2JjN2M0YzAiOnsiY3JlYXRlIjozMDAwMDAwMDAwMDAsImRlbGV0ZSI6MzAwMDAwMDAwMDAwLCJyZWFkIjozMDAwMDAwMDAwMDB9fQ==",
          "dependencies": [
            "exoscale_security_group.sg"
          ]
        }
      ]
    }
  ]
}
